{
  "name": "rospilot",
  "version": "0.0.0",
  "lockfileVersion": 1,
  "dependencies": {
    "@angular/common": {
      "version": "https://registry.npmjs.org/@angular/common/-/common-2.0.0-rc.3.tgz",
      "integrity": "sha1-HlaA/whYruUbIE1c5aAkyhgrqFI="
    },
    "@angular/compiler": {
      "version": "https://registry.npmjs.org/@angular/compiler/-/compiler-2.0.0-rc.3.tgz",
      "integrity": "sha1-u6PahBm+xRAzFDJpYZcWk+0eHuA="
    },
    "@angular/core": {
      "version": "https://registry.npmjs.org/@angular/core/-/core-2.0.0-rc.3.tgz",
      "integrity": "sha1-zRPNFxctoP2+INDyc1GVIvMUZpQ="
    },
    "@angular/http": {
      "version": "https://registry.npmjs.org/@angular/http/-/http-2.0.0-rc.3.tgz",
      "integrity": "sha1-8FlHWI6LtJSdvULqmftrjOIjdJY="
    },
    "@angular/platform-browser": {
      "version": "https://registry.npmjs.org/@angular/platform-browser/-/platform-browser-2.0.0-rc.3.tgz",
      "integrity": "sha1-jDiSzd1BAYw/uDFsdEWRBxbgPzM="
    },
    "@angular/platform-browser-dynamic": {
      "version": "https://registry.npmjs.org/@angular/platform-browser-dynamic/-/platform-browser-dynamic-2.0.0-rc.3.tgz",
      "integrity": "sha1-ut1uKx0r9xAYKjIajz+8ln721dA="
    },
    "@angular/router": {
      "version": "https://registry.npmjs.org/@angular/router/-/router-3.0.0-alpha.8.tgz",
      "integrity": "sha1-8JkvIpyej/3JMIrEMj7PMtUxXkE="
    },
    "bootstrap": {
      "version": "https://registry.npmjs.org/bootstrap/-/bootstrap-3.3.6.tgz",
      "integrity": "sha1-jej3SdyKdD8qxbUQ2Yg3Hj2qZYk="
    },
    "broadway-player": {
      "version": "https://registry.npmjs.org/broadway-player/-/broadway-player-0.1.1.tgz",
      "integrity": "sha1-aDNa5mFR5u+3KguF2wkFpi3T4JQ="
    },
    "drmonty-leaflet-awesome-markers": {
      "version": "https://registry.npmjs.org/drmonty-leaflet-awesome-markers/-/drmonty-leaflet-awesome-markers-2.0.2.tgz",
      "integrity": "sha1-jVuma3SzPgppU5Cn/ecZL+aXbe4="
    },
    "highcharts": {
      "version": "https://registry.npmjs.org/highcharts/-/highcharts-4.2.5.tgz",
      "integrity": "sha1-8Yu9pcoyb9/32BbJSBT+hQnOyWk="
    },
    "jquery": {
      "version": "https://registry.npmjs.org/jquery/-/jquery-3.0.0.tgz",
      "integrity": "sha1-laKpVBKRqfgZ4Bb4W6JHEW0D5Ks="
    },
    "leaflet": {
      "version": "https://registry.npmjs.org/leaflet/-/leaflet-0.7.7.tgz",
      "integrity": "sha1-HjUrpU5j0HZFH6NjyQCJDLLPde4="
    },
    "leaflet-contextmenu": {
      "version": "https://registry.npmjs.org/leaflet-contextmenu/-/leaflet-contextmenu-1.1.0.tgz",
      "integrity": "sha1-M8SSL4n3W7JTEuuVEHTsm+K5nJk="
    },
    "reflect-metadata": {
      "version": "https://registry.npmjs.org/reflect-metadata/-/reflect-metadata-0.1.3.tgz",
      "integrity": "sha1-ZPikGXTk9aWqmXjaxUz9RC3C8dU="
    },
    "rxjs": {
      "version": "https://registry.npmjs.org/rxjs/-/rxjs-5.0.0-beta.6.tgz",
      "integrity": "sha1-y23EbW3f7f7vybFdr9CcNKQ3DSM="
    },
    "zone.js": {
      "version": "https://registry.npmjs.org/zone.js/-/zone.js-0.6.12.tgz",
      "integrity": "sha1-NGqoP05Qk/uYsxwkH02u2SkKzO4="
    }
  }
}
