{
  "name": "rospilot",
  "version": "0.0.0",
  "lockfileVersion": 1,
  "requires": true,
  "dependencies": {
    "@angular/common": {
      "version": "2.0.0-rc.3",
      "resolved": false,
      "integrity": "sha1-HlaA/whYruUbIE1c5aAkyhgrqFI="
    },
    "@angular/compiler": {
      "version": "2.0.0-rc.3",
      "resolved": false,
      "integrity": "sha1-u6PahBm+xRAzFDJpYZcWk+0eHuA="
    },
    "@angular/core": {
      "version": "2.0.0-rc.3",
      "resolved": false,
      "integrity": "sha1-zRPNFxctoP2+INDyc1GVIvMUZpQ="
    },
    "@angular/forms": {
      "version": "5.2.11",
      "resolved": "https://registry.npmjs.org/@angular/forms/-/forms-5.2.11.tgz",
      "integrity": "sha512-wBllFlIubPclAFRXUc84Kc7TMeKOftzrQraVZ7ooTNeFLLa/FZLN2K8HGyRde8X/XDsMu1XAmjNfkz++spwTzA==",
      "requires": {
        "tslib": "^1.7.1"
      }
    },
    "@angular/http": {
      "version": "2.0.0-rc.3",
      "resolved": false,
      "integrity": "sha1-8FlHWI6LtJSdvULqmftrjOIjdJY="
    },
    "@angular/platform-browser": {
      "version": "2.0.0-rc.3",
      "resolved": false,
      "integrity": "sha1-jDiSzd1BAYw/uDFsdEWRBxbgPzM="
    },
    "@angular/platform-browser-dynamic": {
      "version": "2.0.0-rc.3",
      "resolved": false,
      "integrity": "sha1-ut1uKx0r9xAYKjIajz+8ln721dA="
    },
    "@angular/router": {
      "version": "3.0.0-alpha.8",
      "resolved": false,
      "integrity": "sha1-8JkvIpyej/3JMIrEMj7PMtUxXkE="
    },
    "bootstrap": {
      "version": "3.3.6",
      "resolved": "https://registry.npmjs.org/bootstrap/-/bootstrap-3.3.6.tgz",
      "integrity": "sha1-jej3SdyKdD8qxbUQ2Yg3Hj2qZYk="
    },
    "broadway-player": {
      "version": "0.1.1",
      "resolved": "https://registry.npmjs.org/broadway-player/-/broadway-player-0.1.1.tgz",
      "integrity": "sha1-aDNa5mFR5u+3KguF2wkFpi3T4JQ="
    },
    "drmonty-leaflet-awesome-markers": {
      "version": "2.0.2",
      "resolved": "https://registry.npmjs.org/drmonty-leaflet-awesome-markers/-/drmonty-leaflet-awesome-markers-2.0.2.tgz",
      "integrity": "sha1-jVuma3SzPgppU5Cn/ecZL+aXbe4="
    },
    "jquery": {
      "version": "3.0.0",
      "resolved": "https://registry.npmjs.org/jquery/-/jquery-3.0.0.tgz",
      "integrity": "sha1-laKpVBKRqfgZ4Bb4W6JHEW0D5Ks="
    },
    "leaflet": {
      "version": "0.7.7",
      "resolved": "https://registry.npmjs.org/leaflet/-/leaflet-0.7.7.tgz",
      "integrity": "sha1-HjUrpU5j0HZFH6NjyQCJDLLPde4="
    },
    "leaflet-contextmenu": {
      "version": "1.1.0",
      "resolved": "https://registry.npmjs.org/leaflet-contextmenu/-/leaflet-contextmenu-1.1.0.tgz",
      "integrity": "sha1-M8SSL4n3W7JTEuuVEHTsm+K5nJk="
    },
    "reflect-metadata": {
      "version": "0.1.3",
      "resolved": "https://registry.npmjs.org/reflect-metadata/-/reflect-metadata-0.1.3.tgz",
      "integrity": "sha1-ZPikGXTk9aWqmXjaxUz9RC3C8dU="
    },
    "rxjs": {
      "version": "5.0.0-beta.6",
      "resolved": "https://registry.npmjs.org/rxjs/-/rxjs-5.0.0-beta.6.tgz",
      "integrity": "sha1-y23EbW3f7f7vybFdr9CcNKQ3DSM="
    },
    "tslib": {
      "version": "1.9.3",
      "resolved": "https://registry.npmjs.org/tslib/-/tslib-1.9.3.tgz",
      "integrity": "sha512-4krF8scpejhaOgqzBEcGM7yDIEfi0/8+8zDRZhNZZ2kjmHJ4hv3zCbQWxoJGz1iw5U0Jl0nma13xzHXcncMavQ=="
    },
    "zone.js": {
      "version": "0.6.12",
      "resolved": "https://registry.npmjs.org/zone.js/-/zone.js-0.6.12.tgz",
      "integrity": "sha1-NGqoP05Qk/uYsxwkH02u2SkKzO4="
    }
  }
}
